# This file is autogenerated, do not edit; changes may be undone by the next 'dep ensure'.


[[projects]]
  name = "github.com/aws/aws-sdk-go"
  packages = ["aws","aws/awserr","aws/credentials","aws/endpoints","internal/shareddefaults"]
  revision = "6d7fc1a00fcae6bbb53550f4a0b98324fd7aa250"
  version = "v1.10.12"

[[projects]]
  name = "github.com/go-ini/ini"
  packages = ["."]
  revision = "d3de07a94d22b4a0972deb4b96d790c2c0ce8333"
  version = "v1.28.0"

[solve-meta]
  analyzer-name = "dep"
  analyzer-version = 1
  inputs-digest = "dc0593ff900c0e5e32c3831fa08fa600484c2ae6cc339b5de8afd67a85da6b0f"
  solver-name = "gps-cdcl"
  solver-version = 1
